
Microsoft Visual Studio Solution File, Format Version 12.00
# Visual Studio Version 17
VisualStudioVersion = 17.1.32210.238
MinimumVisualStudioVersion = 10.0.40219.1
Project("{FAE04EC0-301F-11D3-BF4B-00C04F79EFBC}") = "DuckBehaviour", "DuckBehaviour.csproj", "{751C4867-64D8-4C81-BD6C-D26594F16579}"
EndProject
Project("{FAE04EC0-301F-11D3-BF4B-00C04F79EFBC}") = "DuckSimulator", "..\DuckSimulator\DuckSimulator.csproj", "{D82073D4-03E7-4EE9-B8A4-8F04EDB54BF9}"
EndProject
Global
	GlobalSection(SolutionConfigurationPlatforms) = preSolution
		Debug|Any CPU = Debug|Any CPU
		Release|Any CPU = Release|Any CPU
	EndGlobalSection
	GlobalSection(ProjectConfigurationPlatforms) = postSolution
		{751C4867-64D8-4C81-BD6C-D26594F16579}.Debug|Any CPU.ActiveCfg = Debug|Any CPU
		{751C4867-64D8-4C81-BD6C-D26594F16579}.Debug|Any CPU.Build.0 = Debug|Any CPU
		{751C4867-64D8-4C81-BD6C-D26594F16579}.Release|Any CPU.ActiveCfg = Release|Any CPU
		{751C4867-64D8-4C81-BD6C-D26594F16579}.Release|Any CPU.Build.0 = Release|Any CPU
		{D82073D4-03E7-4EE9-B8A4-8F04EDB54BF9}.Debug|Any CPU.ActiveCfg = Debug|Any CPU
		{D82073D4-03E7-4EE9-B8A4-8F04EDB54BF9}.Debug|Any CPU.Build.0 = Debug|Any CPU
		{D82073D4-03E7-4EE9-B8A4-8F04EDB54BF9}.Release|Any CPU.ActiveCfg = Release|Any CPU
		{D82073D4-03E7-4EE9-B8A4-8F04EDB54BF9}.Release|Any CPU.Build.0 = Release|Any CPU
	EndGlobalSection
	GlobalSection(SolutionProperties) = preSolution
		HideSolutionNode = FALSE
	EndGlobalSection
	GlobalSection(ExtensibilityGlobals) = postSolution
		SolutionGuid = {5C082959-A283-46F0-A1BD-E945F01A2E4A}
	EndGlobalSection
EndGlobal
